{
  "object": {
    "pins": [
      {
        "package": "GameKitUI",
        "repositoryURL": "https://github.com/SwiftPackageRepository/GameKitUI.swift.git",
        "state": {
          "branch": null,
          "revision": "8152fa267503d58232c4c7109e910a9863e678ca",
          "version": "0.5.0"
        }
      },
      {
        "package": "MultipeerKit",
        "repositoryURL": "https://github.com/insidegui/MultipeerKit",
        "state": {
          "branch": null,
          "revision": "0fabe19e595e4f52dffb349b7ef8648d501ec8a9",
          "version": "0.3.1"
        }
      },
      {
        "package": "SDWebImage",
        "repositoryURL": "https://github.com/SDWebImage/SDWebImage.git",
        "state": {
          "branch": null,
          "revision": "76dd4b49110b8624317fc128e7fa0d8a252018bc",
          "version": "5.11.1"
        }
      },
      {
        "package": "SDWebImageSwiftUI",
        "repositoryURL": "https://github.com/SDWebImage/SDWebImageSwiftUI",
        "state": {
          "branch": null,
          "revision": "cd8625b7cf11a97698e180d28bb7d5d357196678",
          "version": "2.0.2"
        }
      }
    ]
  },
  "version": 1
}
